
Microsoft Visual Studio Solution File, Format Version 12.00
# Visual Studio Version 16
VisualStudioVersion = 16.0.30907.101
MinimumVisualStudioVersion = 10.0.40219.1
Project("{FAE04EC0-301F-11D3-BF4B-00C04F79EFBC}") = "Arbeidskrav_1", "Arbeidskrav_1.csproj", "{C8688D4E-CD26-4E15-8DC5-D77018E1D7FC}"
EndProject
Global
	GlobalSection(SolutionConfigurationPlatforms) = preSolution
		Debug|Any CPU = Debug|Any CPU
		Debug|x64 = Debug|x64
		Debug|x86 = Debug|x86
		Release|Any CPU = Release|Any CPU
		Release|x64 = Release|x64
		Release|x86 = Release|x86
	EndGlobalSection
	GlobalSection(ProjectConfigurationPlatforms) = postSolution
		{C8688D4E-CD26-4E15-8DC5-D77018E1D7FC}.Debug|Any CPU.ActiveCfg = Release|Any CPU
		{C8688D4E-CD26-4E15-8DC5-D77018E1D7FC}.Debug|Any CPU.Build.0 = Release|Any CPU
		{C8688D4E-CD26-4E15-8DC5-D77018E1D7FC}.Debug|x64.ActiveCfg = Debug|Any CPU
		{C8688D4E-CD26-4E15-8DC5-D77018E1D7FC}.Debug|x64.Build.0 = Debug|Any CPU
		{C8688D4E-CD26-4E15-8DC5-D77018E1D7FC}.Debug|x86.ActiveCfg = Debug|Any CPU
		{C8688D4E-CD26-4E15-8DC5-D77018E1D7FC}.Debug|x86.Build.0 = Debug|Any CPU
		{C8688D4E-CD26-4E15-8DC5-D77018E1D7FC}.Release|Any CPU.ActiveCfg = Release|Any CPU
		{C8688D4E-CD26-4E15-8DC5-D77018E1D7FC}.Release|Any CPU.Build.0 = Release|Any CPU
		{C8688D4E-CD26-4E15-8DC5-D77018E1D7FC}.Release|x64.ActiveCfg = Release|Any CPU
		{C8688D4E-CD26-4E15-8DC5-D77018E1D7FC}.Release|x64.Build.0 = Release|Any CPU
		{C8688D4E-CD26-4E15-8DC5-D77018E1D7FC}.Release|x86.ActiveCfg = Release|Any CPU
		{C8688D4E-CD26-4E15-8DC5-D77018E1D7FC}.Release|x86.Build.0 = Release|Any CPU
	EndGlobalSection
	GlobalSection(SolutionProperties) = preSolution
		HideSolutionNode = FALSE
	EndGlobalSection
	GlobalSection(ExtensibilityGlobals) = postSolution
		SolutionGuid = {F1EC337B-27D2-456C-9019-5EE69C5D0B47}
	EndGlobalSection
EndGlobal
